
Microsoft Visual Studio Solution File, Format Version 12.00
# Visual Studio Version 17
VisualStudioVersion = 17.13.35931.197
MinimumVisualStudioVersion = 10.0.40219.1
Project("{FAE04EC0-301F-11D3-BF4B-00C04F79EFBC}") = "AcessoSeguro", "AcessoSeguro\AcessoSeguro.csproj", "{4FC5BE3F-BBC3-4B00-A9F8-9D193D6FF078}"
	ProjectSection(ProjectDependencies) = postProject
		{F73B2A84-ED99-4357-917C-2C23D8A5E33A} = {F73B2A84-ED99-4357-917C-2C23D8A5E33A}
	EndProjectSection
EndProject
Project("{FAE04EC0-301F-11D3-BF4B-00C04F79EFBC}") = "AcessoSeguroWebAssembly", "AcessoSeguroWebAssembly\AcessoSeguroWebAssembly.csproj", "{F73B2A84-ED99-4357-917C-2C23D8A5E33A}"
EndProject
Global
	GlobalSection(SolutionConfigurationPlatforms) = preSolution
		Debug|Any CPU = Debug|Any CPU
		Release|Any CPU = Release|Any CPU
	EndGlobalSection
	GlobalSection(ProjectConfigurationPlatforms) = postSolution
		{4FC5BE3F-BBC3-4B00-A9F8-9D193D6FF078}.Debug|Any CPU.ActiveCfg = Debug|Any CPU
		{4FC5BE3F-BBC3-4B00-A9F8-9D193D6FF078}.Debug|Any CPU.Build.0 = Debug|Any CPU
		{4FC5BE3F-BBC3-4B00-A9F8-9D193D6FF078}.Release|Any CPU.ActiveCfg = Release|Any CPU
		{4FC5BE3F-BBC3-4B00-A9F8-9D193D6FF078}.Release|Any CPU.Build.0 = Release|Any CPU
		{F73B2A84-ED99-4357-917C-2C23D8A5E33A}.Debug|Any CPU.ActiveCfg = Debug|Any CPU
		{F73B2A84-ED99-4357-917C-2C23D8A5E33A}.Debug|Any CPU.Build.0 = Debug|Any CPU
		{F73B2A84-ED99-4357-917C-2C23D8A5E33A}.Release|Any CPU.ActiveCfg = Release|Any CPU
		{F73B2A84-ED99-4357-917C-2C23D8A5E33A}.Release|Any CPU.Build.0 = Release|Any CPU
	EndGlobalSection
	GlobalSection(SolutionProperties) = preSolution
		HideSolutionNode = FALSE
	EndGlobalSection
	GlobalSection(ExtensibilityGlobals) = postSolution
		SolutionGuid = {945980B2-CCDC-4B6B-A6CD-7527744A5F8B}
	EndGlobalSection
EndGlobal
